
Microsoft Visual Studio Solution File, Format Version 12.00
# Visual Studio Version 17
VisualStudioVersion = 17.8.34316.72
MinimumVisualStudioVersion = 10.0.40219.1
Project("{FAE04EC0-301F-11D3-BF4B-00C04F79EFBC}") = "Weather", "Weather\Weather.csproj", "{FC13DD20-EB22-472C-8435-043D8B1186DD}"
EndProject
Global
	GlobalSection(SolutionConfigurationPlatforms) = preSolution
		Debug|Any CPU = Debug|Any CPU
		Release|Any CPU = Release|Any CPU
	EndGlobalSection
	GlobalSection(ProjectConfigurationPlatforms) = postSolution
		{FC13DD20-EB22-472C-8435-043D8B1186DD}.Debug|Any CPU.ActiveCfg = Debug|Any CPU
		{FC13DD20-EB22-472C-8435-043D8B1186DD}.Debug|Any CPU.Build.0 = Debug|Any CPU
		{FC13DD20-EB22-472C-8435-043D8B1186DD}.Release|Any CPU.ActiveCfg = Release|Any CPU
		{FC13DD20-EB22-472C-8435-043D8B1186DD}.Release|Any CPU.Build.0 = Release|Any CPU
	EndGlobalSection
	GlobalSection(SolutionProperties) = preSolution
		HideSolutionNode = FALSE
	EndGlobalSection
	GlobalSection(ExtensibilityGlobals) = postSolution
		SolutionGuid = {9C1DAB3A-1C56-4446-8C92-4460F8958047}
	EndGlobalSection
EndGlobal
